
Microsoft Visual Studio Solution File, Format Version 12.00
# Visual Studio Version 17
VisualStudioVersion = 17.4.33205.214
MinimumVisualStudioVersion = 10.0.40219.1
Project("{FAE04EC0-301F-11D3-BF4B-00C04F79EFBC}") = "Geometry", "Geometry\Geometry.csproj", "{ABA58D5D-24EA-40E0-80DD-22E13C3DB094}"
EndProject
Project("{FAE04EC0-301F-11D3-BF4B-00C04F79EFBC}") = "Geometry.Tests", "Geometry.Tests\Geometry.Tests.csproj", "{A13A0B6C-92C6-4873-BF3F-5A971D750952}"
EndProject
Global
	GlobalSection(SolutionConfigurationPlatforms) = preSolution
		Debug|Any CPU = Debug|Any CPU
		Release|Any CPU = Release|Any CPU
	EndGlobalSection
	GlobalSection(ProjectConfigurationPlatforms) = postSolution
		{ABA58D5D-24EA-40E0-80DD-22E13C3DB094}.Debug|Any CPU.ActiveCfg = Debug|Any CPU
		{ABA58D5D-24EA-40E0-80DD-22E13C3DB094}.Debug|Any CPU.Build.0 = Debug|Any CPU
		{ABA58D5D-24EA-40E0-80DD-22E13C3DB094}.Release|Any CPU.ActiveCfg = Release|Any CPU
		{ABA58D5D-24EA-40E0-80DD-22E13C3DB094}.Release|Any CPU.Build.0 = Release|Any CPU
		{A13A0B6C-92C6-4873-BF3F-5A971D750952}.Debug|Any CPU.ActiveCfg = Debug|Any CPU
		{A13A0B6C-92C6-4873-BF3F-5A971D750952}.Debug|Any CPU.Build.0 = Debug|Any CPU
		{A13A0B6C-92C6-4873-BF3F-5A971D750952}.Release|Any CPU.ActiveCfg = Release|Any CPU
		{A13A0B6C-92C6-4873-BF3F-5A971D750952}.Release|Any CPU.Build.0 = Release|Any CPU
	EndGlobalSection
	GlobalSection(SolutionProperties) = preSolution
		HideSolutionNode = FALSE
	EndGlobalSection
	GlobalSection(ExtensibilityGlobals) = postSolution
		SolutionGuid = {0504549C-3E4B-4A49-BD81-75D2CD58D7FF}
	EndGlobalSection
EndGlobal
