
Microsoft Visual Studio Solution File, Format Version 12.00
# Visual Studio Version 17
VisualStudioVersion = 17.4.33205.214
MinimumVisualStudioVersion = 10.0.40219.1
Project("{9A19103F-16F7-4668-BE54-9A1E7A4F7556}") = "MoreAdvancedCSharp", "MoreAdvancedCSharp\MoreAdvancedCSharp.csproj", "{CED468D6-B17C-4388-9DEA-D0D35DB03038}"
EndProject
Project("{9A19103F-16F7-4668-BE54-9A1E7A4F7556}") = "AspNetEmpty", "AspNetEmpty\AspNetEmpty.csproj", "{588641B3-6117-4F74-940D-8E15590447C6}"
EndProject
Project("{9A19103F-16F7-4668-BE54-9A1E7A4F7556}") = "AspNetMvc", "AspNetMvc\AspNetMvc.csproj", "{FE8CC2D8-B371-4920-9367-6CDF2047611C}"
EndProject
Project("{9A19103F-16F7-4668-BE54-9A1E7A4F7556}") = "AspNetWebApi", "AspNetWebApi\AspNetWebApi.csproj", "{10A139C2-7613-4E13-ADC0-FF8762ED5945}"
EndProject
Project("{FAE04EC0-301F-11D3-BF4B-00C04F79EFBC}") = "EfCodeFirst", "EfCodeFirst\EfCodeFirst.csproj", "{0AAD29D7-A00D-45AF-92F6-29583E94ED32}"
EndProject
Global
	GlobalSection(SolutionConfigurationPlatforms) = preSolution
		Debug|Any CPU = Debug|Any CPU
		Release|Any CPU = Release|Any CPU
	EndGlobalSection
	GlobalSection(ProjectConfigurationPlatforms) = postSolution
		{CED468D6-B17C-4388-9DEA-D0D35DB03038}.Debug|Any CPU.ActiveCfg = Debug|Any CPU
		{CED468D6-B17C-4388-9DEA-D0D35DB03038}.Debug|Any CPU.Build.0 = Debug|Any CPU
		{CED468D6-B17C-4388-9DEA-D0D35DB03038}.Release|Any CPU.ActiveCfg = Release|Any CPU
		{CED468D6-B17C-4388-9DEA-D0D35DB03038}.Release|Any CPU.Build.0 = Release|Any CPU
		{588641B3-6117-4F74-940D-8E15590447C6}.Debug|Any CPU.ActiveCfg = Debug|Any CPU
		{588641B3-6117-4F74-940D-8E15590447C6}.Debug|Any CPU.Build.0 = Debug|Any CPU
		{588641B3-6117-4F74-940D-8E15590447C6}.Release|Any CPU.ActiveCfg = Release|Any CPU
		{588641B3-6117-4F74-940D-8E15590447C6}.Release|Any CPU.Build.0 = Release|Any CPU
		{FE8CC2D8-B371-4920-9367-6CDF2047611C}.Debug|Any CPU.ActiveCfg = Debug|Any CPU
		{FE8CC2D8-B371-4920-9367-6CDF2047611C}.Debug|Any CPU.Build.0 = Debug|Any CPU
		{FE8CC2D8-B371-4920-9367-6CDF2047611C}.Release|Any CPU.ActiveCfg = Release|Any CPU
		{FE8CC2D8-B371-4920-9367-6CDF2047611C}.Release|Any CPU.Build.0 = Release|Any CPU
		{10A139C2-7613-4E13-ADC0-FF8762ED5945}.Debug|Any CPU.ActiveCfg = Debug|Any CPU
		{10A139C2-7613-4E13-ADC0-FF8762ED5945}.Debug|Any CPU.Build.0 = Debug|Any CPU
		{10A139C2-7613-4E13-ADC0-FF8762ED5945}.Release|Any CPU.ActiveCfg = Release|Any CPU
		{10A139C2-7613-4E13-ADC0-FF8762ED5945}.Release|Any CPU.Build.0 = Release|Any CPU
		{0AAD29D7-A00D-45AF-92F6-29583E94ED32}.Debug|Any CPU.ActiveCfg = Debug|Any CPU
		{0AAD29D7-A00D-45AF-92F6-29583E94ED32}.Debug|Any CPU.Build.0 = Debug|Any CPU
		{0AAD29D7-A00D-45AF-92F6-29583E94ED32}.Release|Any CPU.ActiveCfg = Release|Any CPU
		{0AAD29D7-A00D-45AF-92F6-29583E94ED32}.Release|Any CPU.Build.0 = Release|Any CPU
	EndGlobalSection
	GlobalSection(SolutionProperties) = preSolution
		HideSolutionNode = FALSE
	EndGlobalSection
	GlobalSection(ExtensibilityGlobals) = postSolution
		SolutionGuid = {9C3468CD-472D-4323-B78B-06770D23188A}
	EndGlobalSection
EndGlobal
